// !$*UTF8*$!
{
	archiveVersion = 1;
	classes = {
	};
	objectVersion = 48;
	objects = {

/* Begin PBXBuildFile section */
		84487DE41D6551D5007E30D8 /* main.m in Sources */ = {isa = PBXBuildFile; fileRef = 84487DE31D6551D5007E30D8 /* main.m */; };
		84487DE71D6551D5007E30D8 /* AppDelegate.m in Sources */ = {isa = PBXBuildFile; fileRef = 84487DE61D6551D5007E30D8 /* AppDelegate.m */; };
		84487DED1D6551D5007E30D8 /* Main.storyboard in Resources */ = {isa = PBXBuildFile; fileRef = 84487DEB1D6551D5007E30D8 /* Main.storyboard */; };
		84487DF01D6551D5007E30D8 /* TCP_ModBus.xcdatamodeld in Sources */ = {isa = PBXBuildFile; fileRef = 84487DEE1D6551D5007E30D8 /* TCP_ModBus.xcdatamodeld */; };
		84487DF21D6551D5007E30D8 /* Assets.xcassets in Resources */ = {isa = PBXBuildFile; fileRef = 84487DF11D6551D5007E30D8 /* Assets.xcassets */; };
		84487DF51D6551D5007E30D8 /* LaunchScreen.storyboard in Resources */ = {isa = PBXBuildFile; fileRef = 84487DF31D6551D5007E30D8 /* LaunchScreen.storyboard */; };
		84487E071D655427007E30D8 /* ServerThread.m in Sources */ = {isa = PBXBuildFile; fileRef = 84487E061D655427007E30D8 /* ServerThread.m */; };
		84487E0A1D655434007E30D8 /* ClientThread.m in Sources */ = {isa = PBXBuildFile; fileRef = 84487E091D655434007E30D8 /* ClientThread.m */; };
		84487E0D1D655445007E30D8 /* ServerRegistrCell.m in Sources */ = {isa = PBXBuildFile; fileRef = 84487E0C1D655445007E30D8 /* ServerRegistrCell.m */; };
		84487E101D65545C007E30D8 /* ClientRegistrCell.m in Sources */ = {isa = PBXBuildFile; fileRef = 84487E0F1D65545C007E30D8 /* ClientRegistrCell.m */; };
		84487E131D65546B007E30D8 /* MasterServerController.m in Sources */ = {isa = PBXBuildFile; fileRef = 84487E121D65546B007E30D8 /* MasterServerController.m */; };
		84487E161D655476007E30D8 /* SlaveServerController.m in Sources */ = {isa = PBXBuildFile; fileRef = 84487E151D655476007E30D8 /* SlaveServerController.m */; };
		84487E191D655481007E30D8 /* MasterClientController.m in Sources */ = {isa = PBXBuildFile; fileRef = 84487E181D655481007E30D8 /* MasterClientController.m */; };
		84487E1C1D655496007E30D8 /* SlaveClientController.m in Sources */ = {isa = PBXBuildFile; fileRef = 84487E1B1D655496007E30D8 /* SlaveClientController.m */; };
		84487E201D6554A3007E30D8 /* images in Resources */ = {isa = PBXBuildFile; fileRef = 84487E1E1D6554A3007E30D8 /* images */; };
		84487E221D65592C007E30D8 /* king_30x.png in Resources */ = {isa = PBXBuildFile; fileRef = 84487E211D65592B007E30D8 /* king_30x.png */; };
		84487E241D65593C007E30D8 /* pawn_30x.png in Resources */ = {isa = PBXBuildFile; fileRef = 84487E231D65593C007E30D8 /* pawn_30x.png */; };
		8464D1491D8AFE5200A4A5DF /* logo.png in Resources */ = {isa = PBXBuildFile; fileRef = 8464D1481D8AFE5200A4A5DF /* logo.png */; };
		84F895351DAC00FB00331EC0 /* icon in Resources */ = {isa = PBXBuildFile; fileRef = 84F895341DAC00FB00331EC0 /* icon */; };
/* End PBXBuildFile section */

/* Begin PBXFileReference section */
		84487DDF1D6551D5007E30D8 /* TCP ModBus.app */ = {isa = PBXFileReference; explicitFileType = wrapper.application; includeInIndex = 0; path = "TCP ModBus.app"; sourceTree = BUILT_PRODUCTS_DIR; };
		84487DE31D6551D5007E30D8 /* main.m */ = {isa = PBXFileReference; lastKnownFileType = sourcecode.c.objc; path = main.m; sourceTree = "<group>"; };
		84487DE51D6551D5007E30D8 /* AppDelegate.h */ = {isa = PBXFileReference; lastKnownFileType = sourcecode.c.h; path = AppDelegate.h; sourceTree = "<group>"; };
		84487DE61D6551D5007E30D8 /* AppDelegate.m */ = {isa = PBXFileReference; lastKnownFileType = sourcecode.c.objc; path = AppDelegate.m; sourceTree = "<group>"; };
		84487DEC1D6551D5007E30D8 /* Base */ = {isa = PBXFileReference; lastKnownFileType = file.storyboard; name = Base; path = Base.lproj/Main.storyboard; sourceTree = "<group>"; };
		84487DEF1D6551D5007E30D8 /* TCP_ModBus.xcdatamodel */ = {isa = PBXFileReference; lastKnownFileType = wrapper.xcdatamodel; path = TCP_ModBus.xcdatamodel; sourceTree = "<group>"; };
		84487DF11D6551D5007E30D8 /* Assets.xcassets */ = {isa = PBXFileReference; lastKnownFileType = folder.assetcatalog; path = Assets.xcassets; sourceTree = "<group>"; };
		84487DF41D6551D5007E30D8 /* Base */ = {isa = PBXFileReference; lastKnownFileType = file.storyboard; name = Base; path = Base.lproj/LaunchScreen.storyboard; sourceTree = "<group>"; };
		84487DF61D6551D5007E30D8 /* Info.plist */ = {isa = PBXFileReference; lastKnownFileType = text.plist.xml; path = Info.plist; sourceTree = "<group>"; };
		84487E051D655427007E30D8 /* ServerThread.h */ = {isa = PBXFileReference; fileEncoding = 4; lastKnownFileType = sourcecode.c.h; path = ServerThread.h; sourceTree = "<group>"; };
		84487E061D655427007E30D8 /* ServerThread.m */ = {isa = PBXFileReference; fileEncoding = 4; lastKnownFileType = sourcecode.c.objc; path = ServerThread.m; sourceTree = "<group>"; };
		84487E081D655434007E30D8 /* ClientThread.h */ = {isa = PBXFileReference; fileEncoding = 4; lastKnownFileType = sourcecode.c.h; path = ClientThread.h; sourceTree = "<group>"; };
		84487E091D655434007E30D8 /* ClientThread.m */ = {isa = PBXFileReference; fileEncoding = 4; lastKnownFileType = sourcecode.c.objc; path = ClientThread.m; sourceTree = "<group>"; };
		84487E0B1D655445007E30D8 /* ServerRegistrCell.h */ = {isa = PBXFileReference; fileEncoding = 4; lastKnownFileType = sourcecode.c.h; path = ServerRegistrCell.h; sourceTree = "<group>"; };
		84487E0C1D655445007E30D8 /* ServerRegistrCell.m */ = {isa = PBXFileReference; fileEncoding = 4; lastKnownFileType = sourcecode.c.objc; path = ServerRegistrCell.m; sourceTree = "<group>"; };
		84487E0E1D65545C007E30D8 /* ClientRegistrCell.h */ = {isa = PBXFileReference; fileEncoding = 4; lastKnownFileType = sourcecode.c.h; path = ClientRegistrCell.h; sourceTree = "<group>"; };
		84487E0F1D65545C007E30D8 /* ClientRegistrCell.m */ = {isa = PBXFileReference; fileEncoding = 4; lastKnownFileType = sourcecode.c.objc; path = ClientRegistrCell.m; sourceTree = "<group>"; };
		84487E111D65546B007E30D8 /* MasterServerController.h */ = {isa = PBXFileReference; fileEncoding = 4; lastKnownFileType = sourcecode.c.h; path = MasterServerController.h; sourceTree = "<group>"; };
		84487E121D65546B007E30D8 /* MasterServerController.m */ = {isa = PBXFileReference; fileEncoding = 4; lastKnownFileType = sourcecode.c.objc; path = MasterServerController.m; sourceTree = "<group>"; };
		84487E141D655476007E30D8 /* SlaveServerController.h */ = {isa = PBXFileReference; fileEncoding = 4; lastKnownFileType = sourcecode.c.h; path = SlaveServerController.h; sourceTree = "<group>"; };
		84487E151D655476007E30D8 /* SlaveServerController.m */ = {isa = PBXFileReference; fileEncoding = 4; lastKnownFileType = sourcecode.c.objc; path = SlaveServerController.m; sourceTree = "<group>"; };
		84487E171D655481007E30D8 /* MasterClientController.h */ = {isa = PBXFileReference; fileEncoding = 4; lastKnownFileType = sourcecode.c.h; path = MasterClientController.h; sourceTree = "<group>"; };
		84487E181D655481007E30D8 /* MasterClientController.m */ = {isa = PBXFileReference; fileEncoding = 4; lastKnownFileType = sourcecode.c.objc; path = MasterClientController.m; sourceTree = "<group>"; };
		84487E1A1D655496007E30D8 /* SlaveClientController.h */ = {isa = PBXFileReference; fileEncoding = 4; lastKnownFileType = sourcecode.c.h; path = SlaveClientController.h; sourceTree = "<group>"; };
		84487E1B1D655496007E30D8 /* SlaveClientController.m */ = {isa = PBXFileReference; fileEncoding = 4; lastKnownFileType = sourcecode.c.objc; path = SlaveClientController.m; sourceTree = "<group>"; };
		84487E1E1D6554A3007E30D8 /* images */ = {isa = PBXFileReference; lastKnownFileType = folder; path = images; sourceTree = "<group>"; };
		84487E211D65592B007E30D8 /* king_30x.png */ = {isa = PBXFileReference; lastKnownFileType = image.png; name = king_30x.png; path = "TCP ModBus/images/king_30x.png"; sourceTree = "<group>"; };
		84487E231D65593C007E30D8 /* pawn_30x.png */ = {isa = PBXFileReference; lastKnownFileType = image.png; name = pawn_30x.png; path = "TCP ModBus/images/pawn_30x.png"; sourceTree = "<group>"; };
		8464D1481D8AFE5200A4A5DF /* logo.png */ = {isa = PBXFileReference; lastKnownFileType = image.png; name = logo.png; path = "TCP ModBus/images/logo.png"; sourceTree = "<group>"; };
		84F895341DAC00FB00331EC0 /* icon */ = {isa = PBXFileReference; lastKnownFileType = folder; path = icon; sourceTree = "<group>"; };
/* End PBXFileReference section */

/* Begin PBXFrameworksBuildPhase section */
		84487DDC1D6551D5007E30D8 /* Frameworks */ = {
			isa = PBXFrameworksBuildPhase;
			buildActionMask = 2147483647;
			files = (
			);
			runOnlyForDeploymentPostprocessing = 0;
		};
/* End PBXFrameworksBuildPhase section */

/* Begin PBXGroup section */
		84487DD61D6551D5007E30D8 = {
			isa = PBXGroup;
			children = (
				8464D1481D8AFE5200A4A5DF /* logo.png */,
				84487E231D65593C007E30D8 /* pawn_30x.png */,
				84487E211D65592B007E30D8 /* king_30x.png */,
				84487DE11D6551D5007E30D8 /* TCP ModBus */,
				84487DE01D6551D5007E30D8 /* Products */,
			);
			sourceTree = "<group>";
		};
		84487DE01D6551D5007E30D8 /* Products */ = {
			isa = PBXGroup;
			children = (
				84487DDF1D6551D5007E30D8 /* TCP ModBus.app */,
			);
			name = Products;
			sourceTree = "<group>";
		};
		84487DE11D6551D5007E30D8 /* TCP ModBus */ = {
			isa = PBXGroup;
			children = (
				84487DE51D6551D5007E30D8 /* AppDelegate.h */,
				84487DE61D6551D5007E30D8 /* AppDelegate.m */,
				84487DFC1D655232007E30D8 /* Threads */,
				84487DFD1D65523C007E30D8 /* Views */,
				84487DFE1D65524A007E30D8 /* Images */,
				84487DEB1D6551D5007E30D8 /* Main.storyboard */,
				84487DF11D6551D5007E30D8 /* Assets.xcassets */,
				84487DF31D6551D5007E30D8 /* LaunchScreen.storyboard */,
				84487DF61D6551D5007E30D8 /* Info.plist */,
				84487DEE1D6551D5007E30D8 /* TCP_ModBus.xcdatamodeld */,
				84487DE21D6551D5007E30D8 /* Supporting Files */,
			);
			path = "TCP ModBus";
			sourceTree = "<group>";
		};
		84487DE21D6551D5007E30D8 /* Supporting Files */ = {
			isa = PBXGroup;
			children = (
				84487DE31D6551D5007E30D8 /* main.m */,
			);
			name = "Supporting Files";
			sourceTree = "<group>";
		};
		84487DFC1D655232007E30D8 /* Threads */ = {
			isa = PBXGroup;
			children = (
				84487E081D655434007E30D8 /* ClientThread.h */,
				84487E091D655434007E30D8 /* ClientThread.m */,
				84487E051D655427007E30D8 /* ServerThread.h */,
				84487E061D655427007E30D8 /* ServerThread.m */,
			);
			name = Threads;
			sourceTree = "<group>";
		};
		84487DFD1D65523C007E30D8 /* Views */ = {
			isa = PBXGroup;
			children = (
				84487E021D6552C0007E30D8 /* Server */,
				84487E011D6552B7007E30D8 /* Client */,
			);
			name = Views;
			sourceTree = "<group>";
		};
		84487DFE1D65524A007E30D8 /* Images */ = {
			isa = PBXGroup;
			children = (
				84F895341DAC00FB00331EC0 /* icon */,
				84487E1E1D6554A3007E30D8 /* images */,
			);
			name = Images;
			sourceTree = "<group>";
		};
		84487E011D6552B7007E30D8 /* Client */ = {
			isa = PBXGroup;
			children = (
				84487E1A1D655496007E30D8 /* SlaveClientController.h */,
				84487E1B1D655496007E30D8 /* SlaveClientController.m */,
				84487E171D655481007E30D8 /* MasterClientController.h */,
				84487E181D655481007E30D8 /* MasterClientController.m */,
				84487E041D655333007E30D8 /* ClientRegistrCell */,
			);
			name = Client;
			sourceTree = "<group>";
		};
		84487E021D6552C0007E30D8 /* Server */ = {
			isa = PBXGroup;
			children = (
				84487E141D655476007E30D8 /* SlaveServerController.h */,
				84487E151D655476007E30D8 /* SlaveServerController.m */,
				84487E111D65546B007E30D8 /* MasterServerController.h */,
				84487E121D65546B007E30D8 /* MasterServerController.m */,
				84487E031D655320007E30D8 /* ServerRegistrCell */,
			);
			name = Server;
			sourceTree = "<group>";
		};
		84487E031D655320007E30D8 /* ServerRegistrCell */ = {
			isa = PBXGroup;
			children = (
				84487E0B1D655445007E30D8 /* ServerRegistrCell.h */,
				84487E0C1D655445007E30D8 /* ServerRegistrCell.m */,
			);
			name = ServerRegistrCell;
			sourceTree = "<group>";
		};
		84487E041D655333007E30D8 /* ClientRegistrCell */ = {
			isa = PBXGroup;
			children = (
				84487E0E1D65545C007E30D8 /* ClientRegistrCell.h */,
				84487E0F1D65545C007E30D8 /* ClientRegistrCell.m */,
			);
			name = ClientRegistrCell;
			sourceTree = "<group>";
		};
/* End PBXGroup section */

/* Begin PBXNativeTarget section */
		84487DDE1D6551D5007E30D8 /* TCP ModBus */ = {
			isa = PBXNativeTarget;
			buildConfigurationList = 84487DF91D6551D5007E30D8 /* Build configuration list for PBXNativeTarget "TCP ModBus" */;
			buildPhases = (
				84487DDB1D6551D5007E30D8 /* Sources */,
				84487DDC1D6551D5007E30D8 /* Frameworks */,
				84487DDD1D6551D5007E30D8 /* Resources */,
			);
			buildRules = (
			);
			dependencies = (
			);
			name = "TCP ModBus";
			productName = "TCP ModBus";
			productReference = 84487DDF1D6551D5007E30D8 /* TCP ModBus.app */;
			productType = "com.apple.product-type.application";
		};
/* End PBXNativeTarget section */

/* Begin PBXProject section */
		84487DD71D6551D5007E30D8 /* Project object */ = {
			isa = PBXProject;
			attributes = {
				LastUpgradeCheck = 0800;
				ORGANIZATIONNAME = tpu;
				TargetAttributes = {
					84487DDE1D6551D5007E30D8 = {
						CreatedOnToolsVersion = 7.3.1;
						ProvisioningStyle = Automatic;
					};
				};
			};
			buildConfigurationList = 84487DDA1D6551D5007E30D8 /* Build configuration list for PBXProject "TCP Modbus" */;
			compatibilityVersion = "Xcode 8.0";
			developmentRegion = English;
			hasScannedForEncodings = 0;
			knownRegions = (
				en,
				Base,
			);
			mainGroup = 84487DD61D6551D5007E30D8;
			productRefGroup = 84487DE01D6551D5007E30D8 /* Products */;
			projectDirPath = "";
			projectRoot = "";
			targets = (
				84487DDE1D6551D5007E30D8 /* TCP ModBus */,
			);
		};
/* End PBXProject section */

/* Begin PBXResourcesBuildPhase section */
		84487DDD1D6551D5007E30D8 /* Resources */ = {
			isa = PBXResourcesBuildPhase;
			buildActionMask = 2147483647;
			files = (
				8464D1491D8AFE5200A4A5DF /* logo.png in Resources */,
				84487E241D65593C007E30D8 /* pawn_30x.png in Resources */,
				84487E221D65592C007E30D8 /* king_30x.png in Resources */,
				84487E201D6554A3007E30D8 /* images in Resources */,
				84487DF51D6551D5007E30D8 /* LaunchScreen.storyboard in Resources */,
				84F895351DAC00FB00331EC0 /* icon in Resources */,
				84487DF21D6551D5007E30D8 /* Assets.xcassets in Resources */,
				84487DED1D6551D5007E30D8 /* Main.storyboard in Resources */,
			);
			runOnlyForDeploymentPostprocessing = 0;
		};
/* End PBXResourcesBuildPhase section */

/* Begin PBXSourcesBuildPhase section */
		84487DDB1D6551D5007E30D8 /* Sources */ = {
			isa = PBXSourcesBuildPhase;
			buildActionMask = 2147483647;
			files = (
				84487E071D655427007E30D8 /* ServerThread.m in Sources */,
				84487E0A1D655434007E30D8 /* ClientThread.m in Sources */,
				84487E131D65546B007E30D8 /* MasterServerController.m in Sources */,
				84487DE71D6551D5007E30D8 /* AppDelegate.m in Sources */,
				84487DE41D6551D5007E30D8 /* main.m in Sources */,
				84487E101D65545C007E30D8 /* ClientRegistrCell.m in Sources */,
				84487E1C1D655496007E30D8 /* SlaveClientController.m in Sources */,
				84487E191D655481007E30D8 /* MasterClientController.m in Sources */,
				84487DF01D6551D5007E30D8 /* TCP_ModBus.xcdatamodeld in Sources */,
				84487E161D655476007E30D8 /* SlaveServerController.m in Sources */,
				84487E0D1D655445007E30D8 /* ServerRegistrCell.m in Sources */,
			);
			runOnlyForDeploymentPostprocessing = 0;
		};
/* End PBXSourcesBuildPhase section */

/* Begin PBXVariantGroup section */
		84487DEB1D6551D5007E30D8 /* Main.storyboard */ = {
			isa = PBXVariantGroup;
			children = (
				84487DEC1D6551D5007E30D8 /* Base */,
			);
			name = Main.storyboard;
			sourceTree = "<group>";
		};
		84487DF31D6551D5007E30D8 /* LaunchScreen.storyboard */ = {
			isa = PBXVariantGroup;
			children = (
				84487DF41D6551D5007E30D8 /* Base */,
			);
			name = LaunchScreen.storyboard;
			sourceTree = "<group>";
		};
/* End PBXVariantGroup section */

/* Begin XCBuildConfiguration section */
		84487DF71D6551D5007E30D8 /* Debug */ = {
			isa = XCBuildConfiguration;
			buildSettings = {
				ALWAYS_SEARCH_USER_PATHS = NO;
				CLANG_ANALYZER_NONNULL = YES;
				CLANG_CXX_LANGUAGE_STANDARD = "gnu++0x";
				CLANG_CXX_LIBRARY = "libc++";
				CLANG_ENABLE_MODULES = YES;
				CLANG_ENABLE_OBJC_ARC = YES;
				CLANG_WARN_BOOL_CONVERSION = YES;
				CLANG_WARN_CONSTANT_CONVERSION = YES;
				CLANG_WARN_DIRECT_OBJC_ISA_USAGE = YES_ERROR;
				CLANG_WARN_EMPTY_BODY = YES;
				CLANG_WARN_ENUM_CONVERSION = YES;
				CLANG_WARN_INFINITE_RECURSION = YES;
				CLANG_WARN_INT_CONVERSION = YES;
				CLANG_WARN_OBJC_ROOT_CLASS = YES_ERROR;
				CLANG_WARN_SUSPICIOUS_MOVE = YES;
				CLANG_WARN_UNREACHABLE_CODE = YES;
				CLANG_WARN__DUPLICATE_METHOD_MATCH = YES;
				"CODE_SIGN_IDENTITY[sdk=iphoneos*]" = "iPhone Developer";
				COPY_PHASE_STRIP = NO;
				DEBUG_INFORMATION_FORMAT = dwarf;
				ENABLE_STRICT_OBJC_MSGSEND = YES;
				ENABLE_TESTABILITY = YES;
				GCC_C_LANGUAGE_STANDARD = gnu99;
				GCC_DYNAMIC_NO_PIC = NO;
				GCC_NO_COMMON_BLOCKS = YES;
				GCC_OPTIMIZATION_LEVEL = 0;
				GCC_PREPROCESSOR_DEFINITIONS = (
					"DEBUG=1",
					"$(inherited)",
				);
				GCC_WARN_64_TO_32_BIT_CONVERSION = YES;
				GCC_WARN_ABOUT_RETURN_TYPE = YES_ERROR;
				GCC_WARN_UNDECLARED_SELECTOR = YES;
				GCC_WARN_UNINITIALIZED_AUTOS = YES_AGGRESSIVE;
				GCC_WARN_UNUSED_FUNCTION = YES;
				GCC_WARN_UNUSED_VARIABLE = YES;
				IPHONEOS_DEPLOYMENT_TARGET = 10.0;
				MTL_ENABLE_DEBUG_INFO = YES;
				ONLY_ACTIVE_ARCH = YES;
				SDKROOT = iphoneos;
				TARGETED_DEVICE_FAMILY = "1,2";
			};
			name = Debug;
		};
		84487DF81D6551D5007E30D8 /* Release */ = {
			isa = XCBuildConfiguration;
			buildSettings = {
				ALWAYS_SEARCH_USER_PATHS = NO;
				CLANG_ANALYZER_NONNULL = YES;
				CLANG_CXX_LANGUAGE_STANDARD = "gnu++0x";
				CLANG_CXX_LIBRARY = "libc++";
				CLANG_ENABLE_MODULES = YES;
				CLANG_ENABLE_OBJC_ARC = YES;
				CLANG_WARN_BOOL_CONVERSION = YES;
				CLANG_WARN_CONSTANT_CONVERSION = YES;
				CLANG_WARN_DIRECT_OBJC_ISA_USAGE = YES_ERROR;
				CLANG_WARN_EMPTY_BODY = YES;
				CLANG_WARN_ENUM_CONVERSION = YES;
				CLANG_WARN_INFINITE_RECURSION = YES;
				CLANG_WARN_INT_CONVERSION = YES;
				CLANG_WARN_OBJC_ROOT_CLASS = YES_ERROR;
				CLANG_WARN_SUSPICIOUS_MOVE = YES;
				CLANG_WARN_UNREACHABLE_CODE = YES;
				CLANG_WARN__DUPLICATE_METHOD_MATCH = YES;
				"CODE_SIGN_IDENTITY[sdk=iphoneos*]" = "iPhone Developer";
				COPY_PHASE_STRIP = NO;
				DEBUG_INFORMATION_FORMAT = "dwarf-with-dsym";
				ENABLE_NS_ASSERTIONS = NO;
				ENABLE_STRICT_OBJC_MSGSEND = YES;
				GCC_C_LANGUAGE_STANDARD = gnu99;
				GCC_NO_COMMON_BLOCKS = YES;
				GCC_WARN_64_TO_32_BIT_CONVERSION = YES;
				GCC_WARN_ABOUT_RETURN_TYPE = YES_ERROR;
				GCC_WARN_UNDECLARED_SELECTOR = YES;
				GCC_WARN_UNINITIALIZED_AUTOS = YES_AGGRESSIVE;
				GCC_WARN_UNUSED_FUNCTION = YES;
				GCC_WARN_UNUSED_VARIABLE = YES;
				IPHONEOS_DEPLOYMENT_TARGET = 10.0;
				MTL_ENABLE_DEBUG_INFO = NO;
				SDKROOT = iphoneos;
				TARGETED_DEVICE_FAMILY = "1,2";
				VALIDATE_PRODUCT = YES;
			};
			name = Release;
		};
		84487DFA1D6551D5007E30D8 /* Debug */ = {
			isa = XCBuildConfiguration;
			buildSettings = {
				ASSETCATALOG_COMPILER_APPICON_NAME = AppIcon;
				CODE_SIGN_IDENTITY = "iPhone Developer";
				"CODE_SIGN_IDENTITY[sdk=iphoneos*]" = "iPhone Developer";
				DEVELOPMENT_TEAM = L88TRVRSN9;
				INFOPLIST_FILE = "TCP ModBus/Info.plist";
				IPHONEOS_DEPLOYMENT_TARGET = 8.0;
				LD_RUNPATH_SEARCH_PATHS = "$(inherited) @executable_path/Frameworks";
				PRODUCT_BUNDLE_IDENTIFIER = ru.tpu.modbus;
				PRODUCT_NAME = "$(TARGET_NAME)";
				PROVISIONING_PROFILE = "";
			};
			name = Debug;
		};
		84487DFB1D6551D5007E30D8 /* Release */ = {
			isa = XCBuildConfiguration;
			buildSettings = {
				ASSETCATALOG_COMPILER_APPICON_NAME = AppIcon;
				CODE_SIGN_IDENTITY = "iPhone Developer";
				"CODE_SIGN_IDENTITY[sdk=iphoneos*]" = "iPhone Developer";
				DEVELOPMENT_TEAM = L88TRVRSN9;
				INFOPLIST_FILE = "TCP ModBus/Info.plist";
				IPHONEOS_DEPLOYMENT_TARGET = 8.0;
				LD_RUNPATH_SEARCH_PATHS = "$(inherited) @executable_path/Frameworks";
				PRODUCT_BUNDLE_IDENTIFIER = ru.tpu.modbus;
				PRODUCT_NAME = "$(TARGET_NAME)";
				PROVISIONING_PROFILE = "";
			};
			name = Release;
		};
/* End XCBuildConfiguration section */

/* Begin XCConfigurationList section */
		84487DDA1D6551D5007E30D8 /* Build configuration list for PBXProject "TCP Modbus" */ = {
			isa = XCConfigurationList;
			buildConfigurations = (
				84487DF71D6551D5007E30D8 /* Debug */,
				84487DF81D6551D5007E30D8 /* Release */,
			);
			defaultConfigurationIsVisible = 0;
			defaultConfigurationName = Release;
		};
		84487DF91D6551D5007E30D8 /* Build configuration list for PBXNativeTarget "TCP ModBus" */ = {
			isa = XCConfigurationList;
			buildConfigurations = (
				84487DFA1D6551D5007E30D8 /* Debug */,
				84487DFB1D6551D5007E30D8 /* Release */,
			);
			defaultConfigurationIsVisible = 0;
			defaultConfigurationName = Release;
		};
/* End XCConfigurationList section */

/* Begin XCVersionGroup section */
		84487DEE1D6551D5007E30D8 /* TCP_ModBus.xcdatamodeld */ = {
			isa = XCVersionGroup;
			children = (
				84487DEF1D6551D5007E30D8 /* TCP_ModBus.xcdatamodel */,
			);
			currentVersion = 84487DEF1D6551D5007E30D8 /* TCP_ModBus.xcdatamodel */;
			path = TCP_ModBus.xcdatamodeld;
			sourceTree = "<group>";
			versionGroupType = wrapper.xcdatamodel;
		};
/* End XCVersionGroup section */
	};
	rootObject = 84487DD71D6551D5007E30D8 /* Project object */;
}
